// !$*UTF8*$!
{
	archiveVersion = 1;
	classes = {
	};
	objectVersion = 46;
	objects = {

/* Begin PBXBuildFile section */
		BFE9DA2E1DF865210012010C /* AppDelegate.swift in Sources */ = {isa = PBXBuildFile; fileRef = BFE9DA2D1DF865210012010C /* AppDelegate.swift */; };
		BFE9DA301DF865210012010C /* ViewController.swift in Sources */ = {isa = PBXBuildFile; fileRef = BFE9DA2F1DF865210012010C /* ViewController.swift */; };
		BFE9DA331DF865210012010C /* Main.storyboard in Resources */ = {isa = PBXBuildFile; fileRef = BFE9DA311DF865210012010C /* Main.storyboard */; };
		BFE9DA351DF865210012010C /* Assets.xcassets in Resources */ = {isa = PBXBuildFile; fileRef = BFE9DA341DF865210012010C /* Assets.xcassets */; };
		BFE9DA381DF865210012010C /* LaunchScreen.storyboard in Resources */ = {isa = PBXBuildFile; fileRef = BFE9DA361DF865210012010C /* LaunchScreen.storyboard */; };
		BFE9DA431DF865210012010C /* CalculatorTests.swift in Sources */ = {isa = PBXBuildFile; fileRef = BFE9DA421DF865210012010C /* CalculatorTests.swift */; };
		BFE9DA4E1DF865210012010C /* CalculatorUITests.swift in Sources */ = {isa = PBXBuildFile; fileRef = BFE9DA4D1DF865210012010C /* CalculatorUITests.swift */; };
/* End PBXBuildFile section */

/* Begin PBXContainerItemProxy section */
		BFE9DA3F1DF865210012010C /* PBXContainerItemProxy */ = {
			isa = PBXContainerItemProxy;
			containerPortal = BFE9DA221DF865210012010C /* Project object */;
			proxyType = 1;
			remoteGlobalIDString = BFE9DA291DF865210012010C;
			remoteInfo = Calculator;
		};
		BFE9DA4A1DF865210012010C /* PBXContainerItemProxy */ = {
			isa = PBXContainerItemProxy;
			containerPortal = BFE9DA221DF865210012010C /* Project object */;
			proxyType = 1;
			remoteGlobalIDString = BFE9DA291DF865210012010C;
			remoteInfo = Calculator;
		};
/* End PBXContainerItemProxy section */

/* Begin PBXFileReference section */
		BFE9DA2A1DF865210012010C /* Calculator.app */ = {isa = PBXFileReference; explicitFileType = wrapper.application; includeInIndex = 0; path = Calculator.app; sourceTree = BUILT_PRODUCTS_DIR; };
		BFE9DA2D1DF865210012010C /* AppDelegate.swift */ = {isa = PBXFileReference; lastKnownFileType = sourcecode.swift; path = AppDelegate.swift; sourceTree = "<group>"; };
		BFE9DA2F1DF865210012010C /* ViewController.swift */ = {isa = PBXFileReference; lastKnownFileType = sourcecode.swift; path = ViewController.swift; sourceTree = "<group>"; };
		BFE9DA321DF865210012010C /* Base */ = {isa = PBXFileReference; lastKnownFileType = file.storyboard; name = Base; path = Base.lproj/Main.storyboard; sourceTree = "<group>"; };
		BFE9DA341DF865210012010C /* Assets.xcassets */ = {isa = PBXFileReference; lastKnownFileType = folder.assetcatalog; path = Assets.xcassets; sourceTree = "<group>"; };
		BFE9DA371DF865210012010C /* Base */ = {isa = PBXFileReference; lastKnownFileType = file.storyboard; name = Base; path = Base.lproj/LaunchScreen.storyboard; sourceTree = "<group>"; };
		BFE9DA391DF865210012010C /* Info.plist */ = {isa = PBXFileReference; lastKnownFileType = text.plist.xml; path = Info.plist; sourceTree = "<group>"; };
		BFE9DA3E1DF865210012010C /* CalculatorTests.xctest */ = {isa = PBXFileReference; explicitFileType = wrapper.cfbundle; includeInIndex = 0; path = CalculatorTests.xctest; sourceTree = BUILT_PRODUCTS_DIR; };
		BFE9DA421DF865210012010C /* CalculatorTests.swift */ = {isa = PBXFileReference; lastKnownFileType = sourcecode.swift; path = CalculatorTests.swift; sourceTree = "<group>"; };
		BFE9DA441DF865210012010C /* Info.plist */ = {isa = PBXFileReference; lastKnownFileType = text.plist.xml; path = Info.plist; sourceTree = "<group>"; };
		BFE9DA491DF865210012010C /* CalculatorUITests.xctest */ = {isa = PBXFileReference; explicitFileType = wrapper.cfbundle; includeInIndex = 0; path = CalculatorUITests.xctest; sourceTree = BUILT_PRODUCTS_DIR; };
		BFE9DA4D1DF865210012010C /* CalculatorUITests.swift */ = {isa = PBXFileReference; lastKnownFileType = sourcecode.swift; path = CalculatorUITests.swift; sourceTree = "<group>"; };
		BFE9DA4F1DF865210012010C /* Info.plist */ = {isa = PBXFileReference; lastKnownFileType = text.plist.xml; path = Info.plist; sourceTree = "<group>"; };
/* End PBXFileReference section */

/* Begin PBXFrameworksBuildPhase section */
		BFE9DA271DF865210012010C /* Frameworks */ = {
			isa = PBXFrameworksBuildPhase;
			buildActionMask = 2147483647;
			files = (
			);
			runOnlyForDeploymentPostprocessing = 0;
		};
		BFE9DA3B1DF865210012010C /* Frameworks */ = {
			isa = PBXFrameworksBuildPhase;
			buildActionMask = 2147483647;
			files = (
			);
			runOnlyForDeploymentPostprocessing = 0;
		};
		BFE9DA461DF865210012010C /* Frameworks */ = {
			isa = PBXFrameworksBuildPhase;
			buildActionMask = 2147483647;
			files = (
			);
			runOnlyForDeploymentPostprocessing = 0;
		};
/* End PBXFrameworksBuildPhase section */

/* Begin PBXGroup section */
		BFE9DA211DF865210012010C = {
			isa = PBXGroup;
			children = (
				BFE9DA2C1DF865210012010C /* Calculator */,
				BFE9DA411DF865210012010C /* CalculatorTests */,
				BFE9DA4C1DF865210012010C /* CalculatorUITests */,
				BFE9DA2B1DF865210012010C /* Products */,
			);
			sourceTree = "<group>";
		};
		BFE9DA2B1DF865210012010C /* Products */ = {
			isa = PBXGroup;
			children = (
				BFE9DA2A1DF865210012010C /* Calculator.app */,
				BFE9DA3E1DF865210012010C /* CalculatorTests.xctest */,
				BFE9DA491DF865210012010C /* CalculatorUITests.xctest */,
			);
			name = Products;
			sourceTree = "<group>";
		};
		BFE9DA2C1DF865210012010C /* Calculator */ = {
			isa = PBXGroup;
			children = (
				BFE9DA2D1DF865210012010C /* AppDelegate.swift */,
				BFE9DA2F1DF865210012010C /* ViewController.swift */,
				BFE9DA311DF865210012010C /* Main.storyboard */,
				BFE9DA341DF865210012010C /* Assets.xcassets */,
				BFE9DA361DF865210012010C /* LaunchScreen.storyboard */,
				BFE9DA391DF865210012010C /* Info.plist */,
			);
			path = Calculator;
			sourceTree = "<group>";
		};
		BFE9DA411DF865210012010C /* CalculatorTests */ = {
			isa = PBXGroup;
			children = (
				BFE9DA421DF865210012010C /* CalculatorTests.swift */,
				BFE9DA441DF865210012010C /* Info.plist */,
			);
			path = CalculatorTests;
			sourceTree = "<group>";
		};
		BFE9DA4C1DF865210012010C /* CalculatorUITests */ = {
			isa = PBXGroup;
			children = (
				BFE9DA4D1DF865210012010C /* CalculatorUITests.swift */,
				BFE9DA4F1DF865210012010C /* Info.plist */,
			);
			path = CalculatorUITests;
			sourceTree = "<group>";
		};
/* End PBXGroup section */

/* Begin PBXNativeTarget section */
		BFE9DA291DF865210012010C /* Calculator */ = {
			isa = PBXNativeTarget;
			buildConfigurationList = BFE9DA521DF865210012010C /* Build configuration list for PBXNativeTarget "Calculator" */;
			buildPhases = (
				BFE9DA261DF865210012010C /* Sources */,
				BFE9DA271DF865210012010C /* Frameworks */,
				BFE9DA281DF865210012010C /* Resources */,
			);
			buildRules = (
			);
			dependencies = (
			);
			name = Calculator;
			productName = Calculator;
			productReference = BFE9DA2A1DF865210012010C /* Calculator.app */;
			productType = "com.apple.product-type.application";
		};
		BFE9DA3D1DF865210012010C /* CalculatorTests */ = {
			isa = PBXNativeTarget;
			buildConfigurationList = BFE9DA551DF865210012010C /* Build configuration list for PBXNativeTarget "CalculatorTests" */;
			buildPhases = (
				BFE9DA3A1DF865210012010C /* Sources */,
				BFE9DA3B1DF865210012010C /* Frameworks */,
				BFE9DA3C1DF865210012010C /* Resources */,
			);
			buildRules = (
			);
			dependencies = (
				BFE9DA401DF865210012010C /* PBXTargetDependency */,
			);
			name = CalculatorTests;
			productName = CalculatorTests;
			productReference = BFE9DA3E1DF865210012010C /* CalculatorTests.xctest */;
			productType = "com.apple.product-type.bundle.unit-test";
		};
		BFE9DA481DF865210012010C /* CalculatorUITests */ = {
			isa = PBXNativeTarget;
			buildConfigurationList = BFE9DA581DF865210012010C /* Build configuration list for PBXNativeTarget "CalculatorUITests" */;
			buildPhases = (
				BFE9DA451DF865210012010C /* Sources */,
				BFE9DA461DF865210012010C /* Frameworks */,
				BFE9DA471DF865210012010C /* Resources */,
			);
			buildRules = (
			);
			dependencies = (
				BFE9DA4B1DF865210012010C /* PBXTargetDependency */,
			);
			name = CalculatorUITests;
			productName = CalculatorUITests;
			productReference = BFE9DA491DF865210012010C /* CalculatorUITests.xctest */;
			productType = "com.apple.product-type.bundle.ui-testing";
		};
/* End PBXNativeTarget section */

/* Begin PBXProject section */
		BFE9DA221DF865210012010C /* Project object */ = {
			isa = PBXProject;
			attributes = {
				LastSwiftUpdateCheck = 0810;
				LastUpgradeCheck = 0810;
				ORGANIZATIONNAME = kengo;
				TargetAttributes = {
					BFE9DA291DF865210012010C = {
						CreatedOnToolsVersion = 8.1;
						ProvisioningStyle = Automatic;
					};
					BFE9DA3D1DF865210012010C = {
						CreatedOnToolsVersion = 8.1;
						ProvisioningStyle = Automatic;
						TestTargetID = BFE9DA291DF865210012010C;
					};
					BFE9DA481DF865210012010C = {
						CreatedOnToolsVersion = 8.1;
						ProvisioningStyle = Automatic;
						TestTargetID = BFE9DA291DF865210012010C;
					};
				};
			};
			buildConfigurationList = BFE9DA251DF865210012010C /* Build configuration list for PBXProject "Calculator" */;
			compatibilityVersion = "Xcode 3.2";
			developmentRegion = English;
			hasScannedForEncodings = 0;
			knownRegions = (
				en,
				Base,
			);
			mainGroup = BFE9DA211DF865210012010C;
			productRefGroup = BFE9DA2B1DF865210012010C /* Products */;
			projectDirPath = "";
			projectRoot = "";
			targets = (
				BFE9DA291DF865210012010C /* Calculator */,
				BFE9DA3D1DF865210012010C /* CalculatorTests */,
				BFE9DA481DF865210012010C /* CalculatorUITests */,
			);
		};
/* End PBXProject section */

/* Begin PBXResourcesBuildPhase section */
		BFE9DA281DF865210012010C /* Resources */ = {
			isa = PBXResourcesBuildPhase;
			buildActionMask = 2147483647;
			files = (
				BFE9DA381DF865210012010C /* LaunchScreen.storyboard in Resources */,
				BFE9DA351DF865210012010C /* Assets.xcassets in Resources */,
				BFE9DA331DF865210012010C /* Main.storyboard in Resources */,
			);
			runOnlyForDeploymentPostprocessing = 0;
		};
		BFE9DA3C1DF865210012010C /* Resources */ = {
			isa = PBXResourcesBuildPhase;
			buildActionMask = 2147483647;
			files = (
			);
			runOnlyForDeploymentPostprocessing = 0;
		};
		BFE9DA471DF865210012010C /* Resources */ = {
			isa = PBXResourcesBuildPhase;
			buildActionMask = 2147483647;
			files = (
			);
			runOnlyForDeploymentPostprocessing = 0;
		};
/* End PBXResourcesBuildPhase section */

/* Begin PBXSourcesBuildPhase section */
		BFE9DA261DF865210012010C /* Sources */ = {
			isa = PBXSourcesBuildPhase;
			buildActionMask = 2147483647;
			files = (
				BFE9DA301DF865210012010C /* ViewController.swift in Sources */,
				BFE9DA2E1DF865210012010C /* AppDelegate.swift in Sources */,
			);
			runOnlyForDeploymentPostprocessing = 0;
		};
		BFE9DA3A1DF865210012010C /* Sources */ = {
			isa = PBXSourcesBuildPhase;
			buildActionMask = 2147483647;
			files = (
				BFE9DA431DF865210012010C /* CalculatorTests.swift in Sources */,
			);
			runOnlyForDeploymentPostprocessing = 0;
		};
		BFE9DA451DF865210012010C /* Sources */ = {
			isa = PBXSourcesBuildPhase;
			buildActionMask = 2147483647;
			files = (
				BFE9DA4E1DF865210012010C /* CalculatorUITests.swift in Sources */,
			);
			runOnlyForDeploymentPostprocessing = 0;
		};
/* End PBXSourcesBuildPhase section */

/* Begin PBXTargetDependency section */
		BFE9DA401DF865210012010C /* PBXTargetDependency */ = {
			isa = PBXTargetDependency;
			target = BFE9DA291DF865210012010C /* Calculator */;
			targetProxy = BFE9DA3F1DF865210012010C /* PBXContainerItemProxy */;
		};
		BFE9DA4B1DF865210012010C /* PBXTargetDependency */ = {
			isa = PBXTargetDependency;
			target = BFE9DA291DF865210012010C /* Calculator */;
			targetProxy = BFE9DA4A1DF865210012010C /* PBXContainerItemProxy */;
		};
/* End PBXTargetDependency section */

/* Begin PBXVariantGroup section */
		BFE9DA311DF865210012010C /* Main.storyboard */ = {
			isa = PBXVariantGroup;
			children = (
				BFE9DA321DF865210012010C /* Base */,
			);
			name = Main.storyboard;
			sourceTree = "<group>";
		};
		BFE9DA361DF865210012010C /* LaunchScreen.storyboard */ = {
			isa = PBXVariantGroup;
			children = (
				BFE9DA371DF865210012010C /* Base */,
			);
			name = LaunchScreen.storyboard;
			sourceTree = "<group>";
		};
/* End PBXVariantGroup section */

/* Begin XCBuildConfiguration section */
		BFE9DA501DF865210012010C /* Debug */ = {
			isa = XCBuildConfiguration;
			buildSettings = {
				ALWAYS_SEARCH_USER_PATHS = NO;
				CLANG_ANALYZER_NONNULL = YES;
				CLANG_CXX_LANGUAGE_STANDARD = "gnu++0x";
				CLANG_CXX_LIBRARY = "libc++";
				CLANG_ENABLE_MODULES = YES;
				CLANG_ENABLE_OBJC_ARC = YES;
				CLANG_WARN_BOOL_CONVERSION = YES;
				CLANG_WARN_CONSTANT_CONVERSION = YES;
				CLANG_WARN_DIRECT_OBJC_ISA_USAGE = YES_ERROR;
				CLANG_WARN_DOCUMENTATION_COMMENTS = YES;
				CLANG_WARN_EMPTY_BODY = YES;
				CLANG_WARN_ENUM_CONVERSION = YES;
				CLANG_WARN_INFINITE_RECURSION = YES;
				CLANG_WARN_INT_CONVERSION = YES;
				CLANG_WARN_OBJC_ROOT_CLASS = YES_ERROR;
				CLANG_WARN_SUSPICIOUS_MOVES = YES;
				CLANG_WARN_UNREACHABLE_CODE = YES;
				CLANG_WARN__DUPLICATE_METHOD_MATCH = YES;
				"CODE_SIGN_IDENTITY[sdk=iphoneos*]" = "iPhone Developer";
				COPY_PHASE_STRIP = NO;
				DEBUG_INFORMATION_FORMAT = dwarf;
				ENABLE_STRICT_OBJC_MSGSEND = YES;
				ENABLE_TESTABILITY = YES;
				GCC_C_LANGUAGE_STANDARD = gnu99;
				GCC_DYNAMIC_NO_PIC = NO;
				GCC_NO_COMMON_BLOCKS = YES;
				GCC_OPTIMIZATION_LEVEL = 0;
				GCC_PREPROCESSOR_DEFINITIONS = (
					"DEBUG=1",
					"$(inherited)",
				);
				GCC_WARN_64_TO_32_BIT_CONVERSION = YES;
				GCC_WARN_ABOUT_RETURN_TYPE = YES_ERROR;
				GCC_WARN_UNDECLARED_SELECTOR = YES;
				GCC_WARN_UNINITIALIZED_AUTOS = YES_AGGRESSIVE;
				GCC_WARN_UNUSED_FUNCTION = YES;
				GCC_WARN_UNUSED_VARIABLE = YES;
				IPHONEOS_DEPLOYMENT_TARGET = 10.1;
				MTL_ENABLE_DEBUG_INFO = YES;
				ONLY_ACTIVE_ARCH = YES;
				SDKROOT = iphoneos;
				SWIFT_ACTIVE_COMPILATION_CONDITIONS = DEBUG;
				SWIFT_OPTIMIZATION_LEVEL = "-Onone";
			};
			name = Debug;
		};
		BFE9DA511DF865210012010C /* Release */ = {
			isa = XCBuildConfiguration;
			buildSettings = {
				ALWAYS_SEARCH_USER_PATHS = NO;
				CLANG_ANALYZER_NONNULL = YES;
				CLANG_CXX_LANGUAGE_STANDARD = "gnu++0x";
				CLANG_CXX_LIBRARY = "libc++";
				CLANG_ENABLE_MODULES = YES;
				CLANG_ENABLE_OBJC_ARC = YES;
				CLANG_WARN_BOOL_CONVERSION = YES;
				CLANG_WARN_CONSTANT_CONVERSION = YES;
				CLANG_WARN_DIRECT_OBJC_ISA_USAGE = YES_ERROR;
				CLANG_WARN_DOCUMENTATION_COMMENTS = YES;
				CLANG_WARN_EMPTY_BODY = YES;
				CLANG_WARN_ENUM_CONVERSION = YES;
				CLANG_WARN_INFINITE_RECURSION = YES;
				CLANG_WARN_INT_CONVERSION = YES;
				CLANG_WARN_OBJC_ROOT_CLASS = YES_ERROR;
				CLANG_WARN_SUSPICIOUS_MOVES = YES;
				CLANG_WARN_UNREACHABLE_CODE = YES;
				CLANG_WARN__DUPLICATE_METHOD_MATCH = YES;
				"CODE_SIGN_IDENTITY[sdk=iphoneos*]" = "iPhone Developer";
				COPY_PHASE_STRIP = NO;
				DEBUG_INFORMATION_FORMAT = "dwarf-with-dsym";
				ENABLE_NS_ASSERTIONS = NO;
				ENABLE_STRICT_OBJC_MSGSEND = YES;
				GCC_C_LANGUAGE_STANDARD = gnu99;
				GCC_NO_COMMON_BLOCKS = YES;
				GCC_WARN_64_TO_32_BIT_CONVERSION = YES;
				GCC_WARN_ABOUT_RETURN_TYPE = YES_ERROR;
				GCC_WARN_UNDECLARED_SELECTOR = YES;
				GCC_WARN_UNINITIALIZED_AUTOS = YES_AGGRESSIVE;
				GCC_WARN_UNUSED_FUNCTION = YES;
				GCC_WARN_UNUSED_VARIABLE = YES;
				IPHONEOS_DEPLOYMENT_TARGET = 10.1;
				MTL_ENABLE_DEBUG_INFO = NO;
				SDKROOT = iphoneos;
				SWIFT_OPTIMIZATION_LEVEL = "-Owholemodule";
				VALIDATE_PRODUCT = YES;
			};
			name = Release;
		};
		BFE9DA531DF865210012010C /* Debug */ = {
			isa = XCBuildConfiguration;
			buildSettings = {
				ASSETCATALOG_COMPILER_APPICON_NAME = AppIcon;
				INFOPLIST_FILE = Calculator/Info.plist;
				LD_RUNPATH_SEARCH_PATHS = "$(inherited) @executable_path/Frameworks";
				PRODUCT_BUNDLE_IDENTIFIER = self.Calculator;
				PRODUCT_NAME = "$(TARGET_NAME)";
				SWIFT_VERSION = 3.0;
			};
			name = Debug;
		};
		BFE9DA541DF865210012010C /* Release */ = {
			isa = XCBuildConfiguration;
			buildSettings = {
				ASSETCATALOG_COMPILER_APPICON_NAME = AppIcon;
				INFOPLIST_FILE = Calculator/Info.plist;
				LD_RUNPATH_SEARCH_PATHS = "$(inherited) @executable_path/Frameworks";
				PRODUCT_BUNDLE_IDENTIFIER = self.Calculator;
				PRODUCT_NAME = "$(TARGET_NAME)";
				SWIFT_VERSION = 3.0;
			};
			name = Release;
		};
		BFE9DA561DF865210012010C /* Debug */ = {
			isa = XCBuildConfiguration;
			buildSettings = {
				ALWAYS_EMBED_SWIFT_STANDARD_LIBRARIES = YES;
				BUNDLE_LOADER = "$(TEST_HOST)";
				INFOPLIST_FILE = CalculatorTests/Info.plist;
				LD_RUNPATH_SEARCH_PATHS = "$(inherited) @executable_path/Frameworks @loader_path/Frameworks";
				PRODUCT_BUNDLE_IDENTIFIER = self.CalculatorTests;
				PRODUCT_NAME = "$(TARGET_NAME)";
				SWIFT_VERSION = 3.0;
				TEST_HOST = "$(BUILT_PRODUCTS_DIR)/Calculator.app/Calculator";
			};
			name = Debug;
		};
		BFE9DA571DF865210012010C /* Release */ = {
			isa = XCBuildConfiguration;
			buildSettings = {
				ALWAYS_EMBED_SWIFT_STANDARD_LIBRARIES = YES;
				BUNDLE_LOADER = "$(TEST_HOST)";
				INFOPLIST_FILE = CalculatorTests/Info.plist;
				LD_RUNPATH_SEARCH_PATHS = "$(inherited) @executable_path/Frameworks @loader_path/Frameworks";
				PRODUCT_BUNDLE_IDENTIFIER = self.CalculatorTests;
				PRODUCT_NAME = "$(TARGET_NAME)";
				SWIFT_VERSION = 3.0;
				TEST_HOST = "$(BUILT_PRODUCTS_DIR)/Calculator.app/Calculator";
			};
			name = Release;
		};
		BFE9DA591DF865210012010C /* Debug */ = {
			isa = XCBuildConfiguration;
			buildSettings = {
				ALWAYS_EMBED_SWIFT_STANDARD_LIBRARIES = YES;
				INFOPLIST_FILE = CalculatorUITests/Info.plist;
				LD_RUNPATH_SEARCH_PATHS = "$(inherited) @executable_path/Frameworks @loader_path/Frameworks";
				PRODUCT_BUNDLE_IDENTIFIER = self.CalculatorUITests;
				PRODUCT_NAME = "$(TARGET_NAME)";
				SWIFT_VERSION = 3.0;
				TEST_TARGET_NAME = Calculator;
			};
			name = Debug;
		};
		BFE9DA5A1DF865210012010C /* Release */ = {
			isa = XCBuildConfiguration;
			buildSettings = {
				ALWAYS_EMBED_SWIFT_STANDARD_LIBRARIES = YES;
				INFOPLIST_FILE = CalculatorUITests/Info.plist;
				LD_RUNPATH_SEARCH_PATHS = "$(inherited) @executable_path/Frameworks @loader_path/Frameworks";
				PRODUCT_BUNDLE_IDENTIFIER = self.CalculatorUITests;
				PRODUCT_NAME = "$(TARGET_NAME)";
				SWIFT_VERSION = 3.0;
				TEST_TARGET_NAME = Calculator;
			};
			name = Release;
		};
/* End XCBuildConfiguration section */

/* Begin XCConfigurationList section */
		BFE9DA251DF865210012010C /* Build configuration list for PBXProject "Calculator" */ = {
			isa = XCConfigurationList;
			buildConfigurations = (
				BFE9DA501DF865210012010C /* Debug */,
				BFE9DA511DF865210012010C /* Release */,
			);
			defaultConfigurationIsVisible = 0;
			defaultConfigurationName = Release;
		};
		BFE9DA521DF865210012010C /* Build configuration list for PBXNativeTarget "Calculator" */ = {
			isa = XCConfigurationList;
			buildConfigurations = (
				BFE9DA531DF865210012010C /* Debug */,
				BFE9DA541DF865210012010C /* Release */,
			);
			defaultConfigurationIsVisible = 0;
		};
		BFE9DA551DF865210012010C /* Build configuration list for PBXNativeTarget "CalculatorTests" */ = {
			isa = XCConfigurationList;
			buildConfigurations = (
				BFE9DA561DF865210012010C /* Debug */,
				BFE9DA571DF865210012010C /* Release */,
			);
			defaultConfigurationIsVisible = 0;
		};
		BFE9DA581DF865210012010C /* Build configuration list for PBXNativeTarget "CalculatorUITests" */ = {
			isa = XCConfigurationList;
			buildConfigurations = (
				BFE9DA591DF865210012010C /* Debug */,
				BFE9DA5A1DF865210012010C /* Release */,
			);
			defaultConfigurationIsVisible = 0;
		};
/* End XCConfigurationList section */
	};
	rootObject = BFE9DA221DF865210012010C /* Project object */;
}
